
Microsoft Visual Studio Solution File, Format Version 12.00
# Visual Studio 15
VisualStudioVersion = 15.0.27130.2036
MinimumVisualStudioVersion = 10.0.40219.1
Project("{FAE04EC0-301F-11D3-BF4B-00C04F79EFBC}") = "AntelBot", "AntelBot\AntelBot.csproj", "{5442852C-E690-4013-A137-5CBC30B171AD}"
EndProject
Global
	GlobalSection(SolutionConfigurationPlatforms) = preSolution
		Debug|Any CPU = Debug|Any CPU
		Release|Any CPU = Release|Any CPU
	EndGlobalSection
	GlobalSection(ProjectConfigurationPlatforms) = postSolution
		{5442852C-E690-4013-A137-5CBC30B171AD}.Debug|Any CPU.ActiveCfg = Debug|Any CPU
		{5442852C-E690-4013-A137-5CBC30B171AD}.Debug|Any CPU.Build.0 = Debug|Any CPU
		{5442852C-E690-4013-A137-5CBC30B171AD}.Release|Any CPU.ActiveCfg = Release|Any CPU
		{5442852C-E690-4013-A137-5CBC30B171AD}.Release|Any CPU.Build.0 = Release|Any CPU
	EndGlobalSection
	GlobalSection(SolutionProperties) = preSolution
		HideSolutionNode = FALSE
	EndGlobalSection
	GlobalSection(ExtensibilityGlobals) = postSolution
		SolutionGuid = {761940D6-0CEB-4FDC-A7CD-318F0589DC19}
	EndGlobalSection
EndGlobal
